
Microsoft Visual Studio Solution File, Format Version 12.00
# Visual Studio Version 17
VisualStudioVersion = 17.3.32811.315
MinimumVisualStudioVersion = 10.0.40219.1
Project("{9A19103F-16F7-4668-BE54-9A1E7A4F7556}") = "CustomerRepository", "src\CustomerRepository\CustomerRepository.csproj", "{862CC364-9D98-4D2F-8953-36D173AF1533}"
EndProject
Project("{9A19103F-16F7-4668-BE54-9A1E7A4F7556}") = "CustomerRepository.Test", "tests\CustomerRepository.Test\CustomerRepository.Test.csproj", "{C3F2A21A-7634-4F5E-AA5A-02D223B7305C}"
EndProject
Global
	GlobalSection(SolutionConfigurationPlatforms) = preSolution
		Debug|Any CPU = Debug|Any CPU
		Release|Any CPU = Release|Any CPU
	EndGlobalSection
	GlobalSection(ProjectConfigurationPlatforms) = postSolution
		{862CC364-9D98-4D2F-8953-36D173AF1533}.Debug|Any CPU.ActiveCfg = Debug|Any CPU
		{862CC364-9D98-4D2F-8953-36D173AF1533}.Debug|Any CPU.Build.0 = Debug|Any CPU
		{862CC364-9D98-4D2F-8953-36D173AF1533}.Release|Any CPU.ActiveCfg = Release|Any CPU
		{862CC364-9D98-4D2F-8953-36D173AF1533}.Release|Any CPU.Build.0 = Release|Any CPU
		{C3F2A21A-7634-4F5E-AA5A-02D223B7305C}.Debug|Any CPU.ActiveCfg = Debug|Any CPU
		{C3F2A21A-7634-4F5E-AA5A-02D223B7305C}.Debug|Any CPU.Build.0 = Debug|Any CPU
		{C3F2A21A-7634-4F5E-AA5A-02D223B7305C}.Release|Any CPU.ActiveCfg = Release|Any CPU
		{C3F2A21A-7634-4F5E-AA5A-02D223B7305C}.Release|Any CPU.Build.0 = Release|Any CPU
	EndGlobalSection
	GlobalSection(SolutionProperties) = preSolution
		HideSolutionNode = FALSE
	EndGlobalSection
	GlobalSection(ExtensibilityGlobals) = postSolution
		SolutionGuid = {8FE80925-FCC0-4A61-A947-6F95E09C8AE0}
	EndGlobalSection
EndGlobal
